{
  "name": "chapter-10",
  "version": "1.0.0",
  "lockfileVersion": 1,
  "requires": true,
  "dependencies": {
    "tridiagonal-solve": {
      "version": "1.0.4",
      "resolved": "https://registry.npmjs.org/tridiagonal-solve/-/tridiagonal-solve-1.0.4.tgz",
      "integrity": "sha1-BJ0sHiImVMfCrvqoU+uZpFmm9X4="
    }
  }
}
